
Microsoft Visual Studio Solution File, Format Version 12.00
# Visual Studio Version 16
VisualStudioVersion = 16.0.29215.179
MinimumVisualStudioVersion = 10.0.40219.1
Project("{FAE04EC0-301F-11D3-BF4B-00C04F79EFBC}") = "LEKAGE", "LEKAGE\LEKAGE.csproj", "{8F4A8D8A-3588-435D-960B-18E20C2CD00A}"
EndProject
Global
	GlobalSection(SolutionConfigurationPlatforms) = preSolution
		Debug|Any CPU = Debug|Any CPU
		Release|Any CPU = Release|Any CPU
	EndGlobalSection
	GlobalSection(ProjectConfigurationPlatforms) = postSolution
		{8F4A8D8A-3588-435D-960B-18E20C2CD00A}.Debug|Any CPU.ActiveCfg = Debug|Any CPU
		{8F4A8D8A-3588-435D-960B-18E20C2CD00A}.Debug|Any CPU.Build.0 = Debug|Any CPU
		{8F4A8D8A-3588-435D-960B-18E20C2CD00A}.Release|Any CPU.ActiveCfg = Release|Any CPU
		{8F4A8D8A-3588-435D-960B-18E20C2CD00A}.Release|Any CPU.Build.0 = Release|Any CPU
	EndGlobalSection
	GlobalSection(SolutionProperties) = preSolution
		HideSolutionNode = FALSE
	EndGlobalSection
	GlobalSection(ExtensibilityGlobals) = postSolution
		SolutionGuid = {A5490860-7A06-4270-9597-3937CE96BC36}
	EndGlobalSection
EndGlobal
